
Microsoft Visual Studio Solution File, Format Version 12.00
# Visual Studio Version 17
VisualStudioVersion = 17.13.35825.156
MinimumVisualStudioVersion = 10.0.40219.1
Project("{FAE04EC0-301F-11D3-BF4B-00C04F79EFBC}") = "Backend_webAPI_ASP.NETCore", "Backend_webAPI_ASP.NETCore\Backend_webAPI_ASP.NETCore.csproj", "{4D3E0118-7526-46C9-BFE2-699DBC6DC527}"
EndProject
Global
	GlobalSection(SolutionConfigurationPlatforms) = preSolution
		Debug|Any CPU = Debug|Any CPU
		Release|Any CPU = Release|Any CPU
	EndGlobalSection
	GlobalSection(ProjectConfigurationPlatforms) = postSolution
		{4D3E0118-7526-46C9-BFE2-699DBC6DC527}.Debug|Any CPU.ActiveCfg = Debug|Any CPU
		{4D3E0118-7526-46C9-BFE2-699DBC6DC527}.Debug|Any CPU.Build.0 = Debug|Any CPU
		{4D3E0118-7526-46C9-BFE2-699DBC6DC527}.Release|Any CPU.ActiveCfg = Release|Any CPU
		{4D3E0118-7526-46C9-BFE2-699DBC6DC527}.Release|Any CPU.Build.0 = Release|Any CPU
	EndGlobalSection
	GlobalSection(SolutionProperties) = preSolution
		HideSolutionNode = FALSE
	EndGlobalSection
	GlobalSection(ExtensibilityGlobals) = postSolution
		SolutionGuid = {3C2335F3-6EB5-48E1-84BA-8F79F6E65FD4}
	EndGlobalSection
EndGlobal
